
Microsoft Visual Studio Solution File, Format Version 12.00
# Visual Studio 15
VisualStudioVersion = 15.0.27703.2018
MinimumVisualStudioVersion = 10.0.40219.1
Project("{8BC9CEB8-8B4A-11D0-8D11-00A0C91BC942}") = "OpenG3DTorial2", "OpenG3DTorial2.vcxproj", "{3A4D0101-C440-4A7B-8A54-7701F982A2B1}"
EndProject
Global
	GlobalSection(SolutionConfigurationPlatforms) = preSolution
		Debug|x64 = Debug|x64
		Debug|x86 = Debug|x86
		Release|x64 = Release|x64
		Release|x86 = Release|x86
	EndGlobalSection
	GlobalSection(ProjectConfigurationPlatforms) = postSolution
		{3A4D0101-C440-4A7B-8A54-7701F982A2B1}.Debug|x64.ActiveCfg = Debug|x64
		{3A4D0101-C440-4A7B-8A54-7701F982A2B1}.Debug|x64.Build.0 = Debug|x64
		{3A4D0101-C440-4A7B-8A54-7701F982A2B1}.Debug|x86.ActiveCfg = Debug|Win32
		{3A4D0101-C440-4A7B-8A54-7701F982A2B1}.Debug|x86.Build.0 = Debug|Win32
		{3A4D0101-C440-4A7B-8A54-7701F982A2B1}.Release|x64.ActiveCfg = Release|x64
		{3A4D0101-C440-4A7B-8A54-7701F982A2B1}.Release|x64.Build.0 = Release|x64
		{3A4D0101-C440-4A7B-8A54-7701F982A2B1}.Release|x86.ActiveCfg = Release|Win32
		{3A4D0101-C440-4A7B-8A54-7701F982A2B1}.Release|x86.Build.0 = Release|Win32
	EndGlobalSection
	GlobalSection(SolutionProperties) = preSolution
		HideSolutionNode = FALSE
	EndGlobalSection
	GlobalSection(ExtensibilityGlobals) = postSolution
		SolutionGuid = {6CD77404-B6EE-4F57-B22A-CA4446389F03}
	EndGlobalSection
EndGlobal
